// !$*UTF8*$!
{
	archiveVersion = 1;
	classes = {
	};
	objectVersion = 50;
	objects = {

/* Begin PBXBuildFile section */
		279D19542395B6E40071F686 /* AppDelegate.m in Sources */ = {isa = PBXBuildFile; fileRef = 279D19532395B6E40071F686 /* AppDelegate.m */; };
		279D19572395B6E40071F686 /* SceneDelegate.m in Sources */ = {isa = PBXBuildFile; fileRef = 279D19562395B6E40071F686 /* SceneDelegate.m */; };
		279D195D2395B6E40071F686 /* Main.storyboard in Resources */ = {isa = PBXBuildFile; fileRef = 279D195B2395B6E40071F686 /* Main.storyboard */; };
		279D195F2395B6E50071F686 /* Assets.xcassets in Resources */ = {isa = PBXBuildFile; fileRef = 279D195E2395B6E50071F686 /* Assets.xcassets */; };
		279D19622395B6E50071F686 /* LaunchScreen.storyboard in Resources */ = {isa = PBXBuildFile; fileRef = 279D19602395B6E50071F686 /* LaunchScreen.storyboard */; };
		279D19652395B6E50071F686 /* main.m in Sources */ = {isa = PBXBuildFile; fileRef = 279D19642395B6E50071F686 /* main.m */; };
		279D19712395B7430071F686 /* DMNEntry.m in Sources */ = {isa = PBXBuildFile; fileRef = 279D19702395B7430071F686 /* DMNEntry.m */; };
		279D19742395B90E0071F686 /* DMNEntryController.m in Sources */ = {isa = PBXBuildFile; fileRef = 279D19732395B90E0071F686 /* DMNEntryController.m */; };
		279D19772395C2510071F686 /* DMNEntryTableViewController.m in Sources */ = {isa = PBXBuildFile; fileRef = 279D19762395C2510071F686 /* DMNEntryTableViewController.m */; };
		279D197A2395CEB80071F686 /* DMNEntryDetailViewController.m in Sources */ = {isa = PBXBuildFile; fileRef = 279D19792395CEB80071F686 /* DMNEntryDetailViewController.m */; };
/* End PBXBuildFile section */

/* Begin PBXFileReference section */
		279D194F2395B6E40071F686 /* Journal-C.app */ = {isa = PBXFileReference; explicitFileType = wrapper.application; includeInIndex = 0; path = "Journal-C.app"; sourceTree = BUILT_PRODUCTS_DIR; };
		279D19522395B6E40071F686 /* AppDelegate.h */ = {isa = PBXFileReference; lastKnownFileType = sourcecode.c.h; path = AppDelegate.h; sourceTree = "<group>"; };
		279D19532395B6E40071F686 /* AppDelegate.m */ = {isa = PBXFileReference; lastKnownFileType = sourcecode.c.objc; path = AppDelegate.m; sourceTree = "<group>"; };
		279D19552395B6E40071F686 /* SceneDelegate.h */ = {isa = PBXFileReference; lastKnownFileType = sourcecode.c.h; path = SceneDelegate.h; sourceTree = "<group>"; };
		279D19562395B6E40071F686 /* SceneDelegate.m */ = {isa = PBXFileReference; lastKnownFileType = sourcecode.c.objc; path = SceneDelegate.m; sourceTree = "<group>"; };
		279D195C2395B6E40071F686 /* Base */ = {isa = PBXFileReference; lastKnownFileType = file.storyboard; name = Base; path = Base.lproj/Main.storyboard; sourceTree = "<group>"; };
		279D195E2395B6E50071F686 /* Assets.xcassets */ = {isa = PBXFileReference; lastKnownFileType = folder.assetcatalog; path = Assets.xcassets; sourceTree = "<group>"; };
		279D19612395B6E50071F686 /* Base */ = {isa = PBXFileReference; lastKnownFileType = file.storyboard; name = Base; path = Base.lproj/LaunchScreen.storyboard; sourceTree = "<group>"; };
		279D19632395B6E50071F686 /* Info.plist */ = {isa = PBXFileReference; lastKnownFileType = text.plist.xml; path = Info.plist; sourceTree = "<group>"; };
		279D19642395B6E50071F686 /* main.m */ = {isa = PBXFileReference; lastKnownFileType = sourcecode.c.objc; path = main.m; sourceTree = "<group>"; };
		279D196F2395B7430071F686 /* DMNEntry.h */ = {isa = PBXFileReference; lastKnownFileType = sourcecode.c.h; path = DMNEntry.h; sourceTree = "<group>"; };
		279D19702395B7430071F686 /* DMNEntry.m */ = {isa = PBXFileReference; lastKnownFileType = sourcecode.c.objc; path = DMNEntry.m; sourceTree = "<group>"; };
		279D19722395B90E0071F686 /* DMNEntryController.h */ = {isa = PBXFileReference; lastKnownFileType = sourcecode.c.h; path = DMNEntryController.h; sourceTree = "<group>"; };
		279D19732395B90E0071F686 /* DMNEntryController.m */ = {isa = PBXFileReference; lastKnownFileType = sourcecode.c.objc; path = DMNEntryController.m; sourceTree = "<group>"; };
		279D19752395C2510071F686 /* DMNEntryTableViewController.h */ = {isa = PBXFileReference; lastKnownFileType = sourcecode.c.h; path = DMNEntryTableViewController.h; sourceTree = "<group>"; };
		279D19762395C2510071F686 /* DMNEntryTableViewController.m */ = {isa = PBXFileReference; lastKnownFileType = sourcecode.c.objc; path = DMNEntryTableViewController.m; sourceTree = "<group>"; };
		279D19782395CEB80071F686 /* DMNEntryDetailViewController.h */ = {isa = PBXFileReference; lastKnownFileType = sourcecode.c.h; path = DMNEntryDetailViewController.h; sourceTree = "<group>"; };
		279D19792395CEB80071F686 /* DMNEntryDetailViewController.m */ = {isa = PBXFileReference; lastKnownFileType = sourcecode.c.objc; path = DMNEntryDetailViewController.m; sourceTree = "<group>"; };
/* End PBXFileReference section */

/* Begin PBXFrameworksBuildPhase section */
		279D194C2395B6E40071F686 /* Frameworks */ = {
			isa = PBXFrameworksBuildPhase;
			buildActionMask = 2147483647;
			files = (
			);
			runOnlyForDeploymentPostprocessing = 0;
		};
/* End PBXFrameworksBuildPhase section */

/* Begin PBXGroup section */
		279D19462395B6E40071F686 = {
			isa = PBXGroup;
			children = (
				279D19512395B6E40071F686 /* Journal-C */,
				279D19502395B6E40071F686 /* Products */,
			);
			sourceTree = "<group>";
		};
		279D19502395B6E40071F686 /* Products */ = {
			isa = PBXGroup;
			children = (
				279D194F2395B6E40071F686 /* Journal-C.app */,
			);
			name = Products;
			sourceTree = "<group>";
		};
		279D19512395B6E40071F686 /* Journal-C */ = {
			isa = PBXGroup;
			children = (
				279D196E2395B7250071F686 /* View Controllers */,
				279D196D2395B7170071F686 /* Model Controllers */,
				279D196C2395B7120071F686 /* Model */,
				279D196B2395B6F80071F686 /* Resources */,
				279D195B2395B6E40071F686 /* Main.storyboard */,
			);
			path = "Journal-C";
			sourceTree = "<group>";
		};
		279D196B2395B6F80071F686 /* Resources */ = {
			isa = PBXGroup;
			children = (
				279D19522395B6E40071F686 /* AppDelegate.h */,
				279D19532395B6E40071F686 /* AppDelegate.m */,
				279D19552395B6E40071F686 /* SceneDelegate.h */,
				279D19562395B6E40071F686 /* SceneDelegate.m */,
				279D195E2395B6E50071F686 /* Assets.xcassets */,
				279D19602395B6E50071F686 /* LaunchScreen.storyboard */,
				279D19632395B6E50071F686 /* Info.plist */,
				279D19642395B6E50071F686 /* main.m */,
			);
			path = Resources;
			sourceTree = "<group>";
		};
		279D196C2395B7120071F686 /* Model */ = {
			isa = PBXGroup;
			children = (
				279D196F2395B7430071F686 /* DMNEntry.h */,
				279D19702395B7430071F686 /* DMNEntry.m */,
			);
			path = Model;
			sourceTree = "<group>";
		};
		279D196D2395B7170071F686 /* Model Controllers */ = {
			isa = PBXGroup;
			children = (
				279D19722395B90E0071F686 /* DMNEntryController.h */,
				279D19732395B90E0071F686 /* DMNEntryController.m */,
			);
			path = "Model Controllers";
			sourceTree = "<group>";
		};
		279D196E2395B7250071F686 /* View Controllers */ = {
			isa = PBXGroup;
			children = (
				279D19752395C2510071F686 /* DMNEntryTableViewController.h */,
				279D19762395C2510071F686 /* DMNEntryTableViewController.m */,
				279D19782395CEB80071F686 /* DMNEntryDetailViewController.h */,
				279D19792395CEB80071F686 /* DMNEntryDetailViewController.m */,
			);
			path = "View Controllers";
			sourceTree = "<group>";
		};
/* End PBXGroup section */

/* Begin PBXNativeTarget section */
		279D194E2395B6E40071F686 /* Journal-C */ = {
			isa = PBXNativeTarget;
			buildConfigurationList = 279D19682395B6E50071F686 /* Build configuration list for PBXNativeTarget "Journal-C" */;
			buildPhases = (
				279D194B2395B6E40071F686 /* Sources */,
				279D194C2395B6E40071F686 /* Frameworks */,
				279D194D2395B6E40071F686 /* Resources */,
			);
			buildRules = (
			);
			dependencies = (
			);
			name = "Journal-C";
			productName = "Journal-C";
			productReference = 279D194F2395B6E40071F686 /* Journal-C.app */;
			productType = "com.apple.product-type.application";
		};
/* End PBXNativeTarget section */

/* Begin PBXProject section */
		279D19472395B6E40071F686 /* Project object */ = {
			isa = PBXProject;
			attributes = {
				CLASSPREFIX = DMN;
				LastUpgradeCheck = 1120;
				ORGANIZATIONNAME = "Kyle Jennings";
				TargetAttributes = {
					279D194E2395B6E40071F686 = {
						CreatedOnToolsVersion = 11.2.1;
					};
				};
			};
			buildConfigurationList = 279D194A2395B6E40071F686 /* Build configuration list for PBXProject "Journal-C" */;
			compatibilityVersion = "Xcode 9.3";
			developmentRegion = en;
			hasScannedForEncodings = 0;
			knownRegions = (
				en,
				Base,
			);
			mainGroup = 279D19462395B6E40071F686;
			productRefGroup = 279D19502395B6E40071F686 /* Products */;
			projectDirPath = "";
			projectRoot = "";
			targets = (
				279D194E2395B6E40071F686 /* Journal-C */,
			);
		};
/* End PBXProject section */

/* Begin PBXResourcesBuildPhase section */
		279D194D2395B6E40071F686 /* Resources */ = {
			isa = PBXResourcesBuildPhase;
			buildActionMask = 2147483647;
			files = (
				279D19622395B6E50071F686 /* LaunchScreen.storyboard in Resources */,
				279D195F2395B6E50071F686 /* Assets.xcassets in Resources */,
				279D195D2395B6E40071F686 /* Main.storyboard in Resources */,
			);
			runOnlyForDeploymentPostprocessing = 0;
		};
/* End PBXResourcesBuildPhase section */

/* Begin PBXSourcesBuildPhase section */
		279D194B2395B6E40071F686 /* Sources */ = {
			isa = PBXSourcesBuildPhase;
			buildActionMask = 2147483647;
			files = (
				279D19772395C2510071F686 /* DMNEntryTableViewController.m in Sources */,
				279D19542395B6E40071F686 /* AppDelegate.m in Sources */,
				279D19652395B6E50071F686 /* main.m in Sources */,
				279D19742395B90E0071F686 /* DMNEntryController.m in Sources */,
				279D197A2395CEB80071F686 /* DMNEntryDetailViewController.m in Sources */,
				279D19712395B7430071F686 /* DMNEntry.m in Sources */,
				279D19572395B6E40071F686 /* SceneDelegate.m in Sources */,
			);
			runOnlyForDeploymentPostprocessing = 0;
		};
/* End PBXSourcesBuildPhase section */

/* Begin PBXVariantGroup section */
		279D195B2395B6E40071F686 /* Main.storyboard */ = {
			isa = PBXVariantGroup;
			children = (
				279D195C2395B6E40071F686 /* Base */,
			);
			name = Main.storyboard;
			sourceTree = "<group>";
		};
		279D19602395B6E50071F686 /* LaunchScreen.storyboard */ = {
			isa = PBXVariantGroup;
			children = (
				279D19612395B6E50071F686 /* Base */,
			);
			name = LaunchScreen.storyboard;
			sourceTree = "<group>";
		};
/* End PBXVariantGroup section */

/* Begin XCBuildConfiguration section */
		279D19662395B6E50071F686 /* Debug */ = {
			isa = XCBuildConfiguration;
			buildSettings = {
				ALWAYS_SEARCH_USER_PATHS = NO;
				CLANG_ANALYZER_NONNULL = YES;
				CLANG_ANALYZER_NUMBER_OBJECT_CONVERSION = YES_AGGRESSIVE;
				CLANG_CXX_LANGUAGE_STANDARD = "gnu++14";
				CLANG_CXX_LIBRARY = "libc++";
				CLANG_ENABLE_MODULES = YES;
				CLANG_ENABLE_OBJC_ARC = YES;
				CLANG_ENABLE_OBJC_WEAK = YES;
				CLANG_WARN_BLOCK_CAPTURE_AUTORELEASING = YES;
				CLANG_WARN_BOOL_CONVERSION = YES;
				CLANG_WARN_COMMA = YES;
				CLANG_WARN_CONSTANT_CONVERSION = YES;
				CLANG_WARN_DEPRECATED_OBJC_IMPLEMENTATIONS = YES;
				CLANG_WARN_DIRECT_OBJC_ISA_USAGE = YES_ERROR;
				CLANG_WARN_DOCUMENTATION_COMMENTS = YES;
				CLANG_WARN_EMPTY_BODY = YES;
				CLANG_WARN_ENUM_CONVERSION = YES;
				CLANG_WARN_INFINITE_RECURSION = YES;
				CLANG_WARN_INT_CONVERSION = YES;
				CLANG_WARN_NON_LITERAL_NULL_CONVERSION = YES;
				CLANG_WARN_OBJC_IMPLICIT_RETAIN_SELF = YES;
				CLANG_WARN_OBJC_LITERAL_CONVERSION = YES;
				CLANG_WARN_OBJC_ROOT_CLASS = YES_ERROR;
				CLANG_WARN_RANGE_LOOP_ANALYSIS = YES;
				CLANG_WARN_STRICT_PROTOTYPES = YES;
				CLANG_WARN_SUSPICIOUS_MOVE = YES;
				CLANG_WARN_UNGUARDED_AVAILABILITY = YES_AGGRESSIVE;
				CLANG_WARN_UNREACHABLE_CODE = YES;
				CLANG_WARN__DUPLICATE_METHOD_MATCH = YES;
				COPY_PHASE_STRIP = NO;
				DEBUG_INFORMATION_FORMAT = dwarf;
				ENABLE_STRICT_OBJC_MSGSEND = YES;
				ENABLE_TESTABILITY = YES;
				GCC_C_LANGUAGE_STANDARD = gnu11;
				GCC_DYNAMIC_NO_PIC = NO;
				GCC_NO_COMMON_BLOCKS = YES;
				GCC_OPTIMIZATION_LEVEL = 0;
				GCC_PREPROCESSOR_DEFINITIONS = (
					"DEBUG=1",
					"$(inherited)",
				);
				GCC_WARN_64_TO_32_BIT_CONVERSION = YES;
				GCC_WARN_ABOUT_RETURN_TYPE = YES_ERROR;
				GCC_WARN_UNDECLARED_SELECTOR = YES;
				GCC_WARN_UNINITIALIZED_AUTOS = YES_AGGRESSIVE;
				GCC_WARN_UNUSED_FUNCTION = YES;
				GCC_WARN_UNUSED_VARIABLE = YES;
				IPHONEOS_DEPLOYMENT_TARGET = 13.2;
				MTL_ENABLE_DEBUG_INFO = INCLUDE_SOURCE;
				MTL_FAST_MATH = YES;
				ONLY_ACTIVE_ARCH = YES;
				SDKROOT = iphoneos;
			};
			name = Debug;
		};
		279D19672395B6E50071F686 /* Release */ = {
			isa = XCBuildConfiguration;
			buildSettings = {
				ALWAYS_SEARCH_USER_PATHS = NO;
				CLANG_ANALYZER_NONNULL = YES;
				CLANG_ANALYZER_NUMBER_OBJECT_CONVERSION = YES_AGGRESSIVE;
				CLANG_CXX_LANGUAGE_STANDARD = "gnu++14";
				CLANG_CXX_LIBRARY = "libc++";
				CLANG_ENABLE_MODULES = YES;
				CLANG_ENABLE_OBJC_ARC = YES;
				CLANG_ENABLE_OBJC_WEAK = YES;
				CLANG_WARN_BLOCK_CAPTURE_AUTORELEASING = YES;
				CLANG_WARN_BOOL_CONVERSION = YES;
				CLANG_WARN_COMMA = YES;
				CLANG_WARN_CONSTANT_CONVERSION = YES;
				CLANG_WARN_DEPRECATED_OBJC_IMPLEMENTATIONS = YES;
				CLANG_WARN_DIRECT_OBJC_ISA_USAGE = YES_ERROR;
				CLANG_WARN_DOCUMENTATION_COMMENTS = YES;
				CLANG_WARN_EMPTY_BODY = YES;
				CLANG_WARN_ENUM_CONVERSION = YES;
				CLANG_WARN_INFINITE_RECURSION = YES;
				CLANG_WARN_INT_CONVERSION = YES;
				CLANG_WARN_NON_LITERAL_NULL_CONVERSION = YES;
				CLANG_WARN_OBJC_IMPLICIT_RETAIN_SELF = YES;
				CLANG_WARN_OBJC_LITERAL_CONVERSION = YES;
				CLANG_WARN_OBJC_ROOT_CLASS = YES_ERROR;
				CLANG_WARN_RANGE_LOOP_ANALYSIS = YES;
				CLANG_WARN_STRICT_PROTOTYPES = YES;
				CLANG_WARN_SUSPICIOUS_MOVE = YES;
				CLANG_WARN_UNGUARDED_AVAILABILITY = YES_AGGRESSIVE;
				CLANG_WARN_UNREACHABLE_CODE = YES;
				CLANG_WARN__DUPLICATE_METHOD_MATCH = YES;
				COPY_PHASE_STRIP = NO;
				DEBUG_INFORMATION_FORMAT = "dwarf-with-dsym";
				ENABLE_NS_ASSERTIONS = NO;
				ENABLE_STRICT_OBJC_MSGSEND = YES;
				GCC_C_LANGUAGE_STANDARD = gnu11;
				GCC_NO_COMMON_BLOCKS = YES;
				GCC_WARN_64_TO_32_BIT_CONVERSION = YES;
				GCC_WARN_ABOUT_RETURN_TYPE = YES_ERROR;
				GCC_WARN_UNDECLARED_SELECTOR = YES;
				GCC_WARN_UNINITIALIZED_AUTOS = YES_AGGRESSIVE;
				GCC_WARN_UNUSED_FUNCTION = YES;
				GCC_WARN_UNUSED_VARIABLE = YES;
				IPHONEOS_DEPLOYMENT_TARGET = 13.2;
				MTL_ENABLE_DEBUG_INFO = NO;
				MTL_FAST_MATH = YES;
				SDKROOT = iphoneos;
				VALIDATE_PRODUCT = YES;
			};
			name = Release;
		};
		279D19692395B6E50071F686 /* Debug */ = {
			isa = XCBuildConfiguration;
			buildSettings = {
				ASSETCATALOG_COMPILER_APPICON_NAME = AppIcon;
				CODE_SIGN_STYLE = Automatic;
				DEVELOPMENT_TEAM = GGTDUJVMMT;
				INFOPLIST_FILE = "Journal-C/Resources/Info.plist";
				LD_RUNPATH_SEARCH_PATHS = (
					"$(inherited)",
					"@executable_path/Frameworks",
				);
				PRODUCT_BUNDLE_IDENTIFIER = "com.kylejennings.Journal-C";
				PRODUCT_NAME = "$(TARGET_NAME)";
				TARGETED_DEVICE_FAMILY = "1,2";
			};
			name = Debug;
		};
		279D196A2395B6E50071F686 /* Release */ = {
			isa = XCBuildConfiguration;
			buildSettings = {
				ASSETCATALOG_COMPILER_APPICON_NAME = AppIcon;
				CODE_SIGN_STYLE = Automatic;
				DEVELOPMENT_TEAM = GGTDUJVMMT;
				INFOPLIST_FILE = "Journal-C/Resources/Info.plist";
				LD_RUNPATH_SEARCH_PATHS = (
					"$(inherited)",
					"@executable_path/Frameworks",
				);
				PRODUCT_BUNDLE_IDENTIFIER = "com.kylejennings.Journal-C";
				PRODUCT_NAME = "$(TARGET_NAME)";
				TARGETED_DEVICE_FAMILY = "1,2";
			};
			name = Release;
		};
/* End XCBuildConfiguration section */

/* Begin XCConfigurationList section */
		279D194A2395B6E40071F686 /* Build configuration list for PBXProject "Journal-C" */ = {
			isa = XCConfigurationList;
			buildConfigurations = (
				279D19662395B6E50071F686 /* Debug */,
				279D19672395B6E50071F686 /* Release */,
			);
			defaultConfigurationIsVisible = 0;
			defaultConfigurationName = Release;
		};
		279D19682395B6E50071F686 /* Build configuration list for PBXNativeTarget "Journal-C" */ = {
			isa = XCConfigurationList;
			buildConfigurations = (
				279D19692395B6E50071F686 /* Debug */,
				279D196A2395B6E50071F686 /* Release */,
			);
			defaultConfigurationIsVisible = 0;
			defaultConfigurationName = Release;
		};
/* End XCConfigurationList section */
	};
	rootObject = 279D19472395B6E40071F686 /* Project object */;
}
